{
    "_readme": [
        "This file locks the dependencies of your project to a known state",
        "Read more about it at http://getcomposer.org/doc/01-basic-usage.md#composer-lock-the-lock-file"
    ],
    "hash": "b1423198f567c279a24f81e5aadfab67",
    "packages": [

    ],
    "packages-dev": [
        {
            "name": "lciolecki/php-library",
            "version": "dev-master",
            "source": {
                "type": "git",
                "url": "https://github.com/lciolecki/php-library.git",
                "reference": "0da9fa7e70c47013cd3eca2f5aad53c1eae09445"
            },
            "dist": {
                "type": "zip",
                "url": "https://api.github.com/repos/lciolecki/php-library/zipball/0da9fa7e70c47013cd3eca2f5aad53c1eae09445",
                "reference": "0da9fa7e70c47013cd3eca2f5aad53c1eae09445",
                "shasum": ""
            },
            "require": {
                "php": ">=5.3.3"
            },
            "type": "library",
            "autoload": {
                "psr-0": {
                    "Extlib\\": "library"
                }
            },
            "include-path": [
                "library/"
            ],
            "license": [
                "BSD-3-Clause"
            ],
            "description": "PPHP Extlib library",
            "keywords": [
                "extlib",
                "php"
            ],
            "support": {
                "source": "https://github.com/lciolecki/php-library/tree/master",
                "issues": "https://github.com/lciolecki/php-library/issues"
            },
            "time": "2013-12-09 21:16:52"
        },
        {
            "name": "zendframework/zendframework1",
            "version": "1.12.2",
            "source": {
                "type": "git",
                "url": "https://github.com/zendframework/zf1.git",
                "reference": "16d591a0f37704f20b558b018f3513f0120e97fc"
            },
            "dist": {
                "type": "zip",
                "url": "https://api.github.com/repos/zendframework/zf1/zipball/16d591a0f37704f20b558b018f3513f0120e97fc",
                "reference": "16d591a0f37704f20b558b018f3513f0120e97fc",
                "shasum": ""
            },
            "require": {
                "php": ">=5.2.11"
            },
            "type": "library",
            "extra": {
                "branch-alias": {
                    "dev-trunk": "1.12.x-dev",
                    "dev-release-1.0": "1.0.x-dev",
                    "dev-release-1.5": "1.5.x-dev",
                    "dev-release-1.6": "1.6.x-dev",
                    "dev-release-1.7": "1.7.x-dev",
                    "dev-release-1.8": "1.8.x-dev",
                    "dev-release-1.9": "1.9.x-dev",
                    "dev-release-1.10": "1.10.x-dev",
                    "dev-release-1.11": "1.11.x-dev"
                }
            },
            "autoload": {
                "psr-0": {
                    "Zend": "library/"
                }
            },
            "notification-url": "https://packagist.org/downloads/",
            "include-path": [
                "library/"
            ],
            "license": [
                "BSD-3-Clause"
            ],
            "description": "Zend Framework 1",
            "homepage": "http://framework.zend.com/",
            "keywords": [
                "ZF1",
                "framework"
            ],
            "time": "2013-02-25 18:10:50"
        }
    ],
    "aliases": [

    ],
    "minimum-stability": "stable",
    "stability-flags": {
        "lciolecki/php-library": 20
    },
    "platform": {
        "php": ">=5.3.3"
    },
    "platform-dev": [

    ]
}
